// !$*UTF8*$!
{
	archiveVersion = 1;
	classes = {
	};
	objectVersion = 55;
	objects = {

/* Begin PBXBuildFile section */
		850DA16F26ADF01B00A0529A /* SwiftGit2.framework in Copy Frameworks */ = {isa = PBXBuildFile; fileRef = 855559BF26ADEFBA002991BE /* SwiftGit2.framework */; settings = {ATTRIBUTES = (CodeSignOnCopy, RemoveHeadersOnCopy, ); }; };
		850DA17826AE029A00A0529A /* GitODB.swift in Sources */ = {isa = PBXBuildFile; fileRef = 850DA17726AE029A00A0529A /* GitODB.swift */; };
		850DA17A26AE181B00A0529A /* CommitEditView.swift in Sources */ = {isa = PBXBuildFile; fileRef = 850DA17926AE181B00A0529A /* CommitEditView.swift */; };
		850DA17C26AE27DC00A0529A /* FeatureFlags.swift in Sources */ = {isa = PBXBuildFile; fileRef = 850DA17B26AE27DC00A0529A /* FeatureFlags.swift */; };
		850DA17E26AE287E00A0529A /* AddCommandView.swift in Sources */ = {isa = PBXBuildFile; fileRef = 850DA17D26AE287E00A0529A /* AddCommandView.swift */; };
		850DA18126AE35A600A0529A /* Introspect in Frameworks */ = {isa = PBXBuildFile; productRef = 850DA18026AE35A600A0529A /* Introspect */; };
		850DA18326B6EC8600A0529A /* CommitSearchView.swift in Sources */ = {isa = PBXBuildFile; fileRef = 850DA18226B6EC8600A0529A /* CommitSearchView.swift */; };
		850DA18526B6EFD400A0529A /* ExecCommandCreator.swift in Sources */ = {isa = PBXBuildFile; fileRef = 850DA18426B6EFD400A0529A /* ExecCommandCreator.swift */; };
		850DA18726B6F08D00A0529A /* SelectButton.swift in Sources */ = {isa = PBXBuildFile; fileRef = 850DA18626B6F08D00A0529A /* SelectButton.swift */; };
		850DA18926B6F99600A0529A /* LabelCommandCreator.swift in Sources */ = {isa = PBXBuildFile; fileRef = 850DA18826B6F99600A0529A /* LabelCommandCreator.swift */; };
		850DA18B26B8434400A0529A /* EditButton.swift in Sources */ = {isa = PBXBuildFile; fileRef = 850DA18A26B8434400A0529A /* EditButton.swift */; };
		8555599426ADDDBD002991BE /* BasicRebaseCommandView.swift in Sources */ = {isa = PBXBuildFile; fileRef = 8555599326ADDDBD002991BE /* BasicRebaseCommandView.swift */; };
		855559CF26ADEFE4002991BE /* SwiftGit2.framework in Frameworks */ = {isa = PBXBuildFile; fileRef = 855559BF26ADEFBA002991BE /* SwiftGit2.framework */; };
		85D3E14726ADB79A0020DC09 /* RebaseEditApp.swift in Sources */ = {isa = PBXBuildFile; fileRef = 85D3E14626ADB79A0020DC09 /* RebaseEditApp.swift */; };
		85D3E14926ADB79A0020DC09 /* RebaseEditDocument.swift in Sources */ = {isa = PBXBuildFile; fileRef = 85D3E14826ADB79A0020DC09 /* RebaseEditDocument.swift */; };
		85D3E14B26ADB79A0020DC09 /* ContentView.swift in Sources */ = {isa = PBXBuildFile; fileRef = 85D3E14A26ADB79A0020DC09 /* ContentView.swift */; };
		85D3E14D26ADB79D0020DC09 /* Assets.xcassets in Resources */ = {isa = PBXBuildFile; fileRef = 85D3E14C26ADB79D0020DC09 /* Assets.xcassets */; };
		85D3E15026ADB79D0020DC09 /* Preview Assets.xcassets in Resources */ = {isa = PBXBuildFile; fileRef = 85D3E14F26ADB79D0020DC09 /* Preview Assets.xcassets */; };
		85D3E15826ADBA3A0020DC09 /* RebaseCommand.swift in Sources */ = {isa = PBXBuildFile; fileRef = 85D3E15726ADBA3A0020DC09 /* RebaseCommand.swift */; };
		85D3E15C26ADD27D0020DC09 /* RebaseCommandView.swift in Sources */ = {isa = PBXBuildFile; fileRef = 85D3E15B26ADD27D0020DC09 /* RebaseCommandView.swift */; };
/* End PBXBuildFile section */

/* Begin PBXContainerItemProxy section */
		855559BE26ADEFBA002991BE /* PBXContainerItemProxy */ = {
			isa = PBXContainerItemProxy;
			containerPortal = 855559B226ADEFBA002991BE /* SwiftGit2.xcodeproj */;
			proxyType = 2;
			remoteGlobalIDString = BEB31F231A0D6F7A00F525B9;
			remoteInfo = "SwiftGit2-OSX";
		};
		855559C026ADEFBA002991BE /* PBXContainerItemProxy */ = {
			isa = PBXContainerItemProxy;
			containerPortal = 855559B226ADEFBA002991BE /* SwiftGit2.xcodeproj */;
			proxyType = 2;
			remoteGlobalIDString = BEB31F2E1A0D6F7A00F525B9;
			remoteInfo = "SwiftGit2-OSXTests";
		};
		855559C226ADEFBA002991BE /* PBXContainerItemProxy */ = {
			isa = PBXContainerItemProxy;
			containerPortal = 855559B226ADEFBA002991BE /* SwiftGit2.xcodeproj */;
			proxyType = 2;
			remoteGlobalIDString = 621E66B41C72958800A0F352;
			remoteInfo = "SwiftGit2-iOS";
		};
		855559C426ADEFBA002991BE /* PBXContainerItemProxy */ = {
			isa = PBXContainerItemProxy;
			containerPortal = 855559B226ADEFBA002991BE /* SwiftGit2.xcodeproj */;
			proxyType = 2;
			remoteGlobalIDString = 621E66CE1C72958D00A0F352;
			remoteInfo = "SwiftGit2-iOSTests";
		};
		855559C626ADEFBA002991BE /* PBXContainerItemProxy */ = {
			isa = PBXContainerItemProxy;
			containerPortal = 855559B226ADEFBA002991BE /* SwiftGit2.xcodeproj */;
			proxyType = 2;
			remoteGlobalIDString = BEB31F8F1A0E563900F525B9;
			remoteInfo = "libgit2-OSX";
		};
		855559C826ADEFBA002991BE /* PBXContainerItemProxy */ = {
			isa = PBXContainerItemProxy;
			containerPortal = 855559B226ADEFBA002991BE /* SwiftGit2.xcodeproj */;
			proxyType = 2;
			remoteGlobalIDString = 621E66E11C729CE500A0F352;
			remoteInfo = "libgit2-iOS";
		};
		855559CA26ADEFBA002991BE /* PBXContainerItemProxy */ = {
			isa = PBXContainerItemProxy;
			containerPortal = 855559B226ADEFBA002991BE /* SwiftGit2.xcodeproj */;
			proxyType = 2;
			remoteGlobalIDString = 621E66EC1C729EB800A0F352;
			remoteInfo = "OpenSSL-iOS";
		};
		855559CC26ADEFBA002991BE /* PBXContainerItemProxy */ = {
			isa = PBXContainerItemProxy;
			containerPortal = 855559B226ADEFBA002991BE /* SwiftGit2.xcodeproj */;
			proxyType = 2;
			remoteGlobalIDString = 621E66F21C729EBB00A0F352;
			remoteInfo = "libssh2-iOS";
		};
/* End PBXContainerItemProxy section */

/* Begin PBXCopyFilesBuildPhase section */
		850DA16E26ADF01000A0529A /* Copy Frameworks */ = {
			isa = PBXCopyFilesBuildPhase;
			buildActionMask = 2147483647;
			dstPath = "";
			dstSubfolderSpec = 10;
			files = (
				850DA16F26ADF01B00A0529A /* SwiftGit2.framework in Copy Frameworks */,
			);
			name = "Copy Frameworks";
			runOnlyForDeploymentPostprocessing = 0;
		};
/* End PBXCopyFilesBuildPhase section */

/* Begin PBXFileReference section */
		850DA17626AE013000A0529A /* RebaseEdit.entitlements */ = {isa = PBXFileReference; lastKnownFileType = text.plist.entitlements; path = RebaseEdit.entitlements; sourceTree = "<group>"; };
		850DA17726AE029A00A0529A /* GitODB.swift */ = {isa = PBXFileReference; lastKnownFileType = sourcecode.swift; path = GitODB.swift; sourceTree = "<group>"; };
		850DA17926AE181B00A0529A /* CommitEditView.swift */ = {isa = PBXFileReference; fileEncoding = 4; lastKnownFileType = sourcecode.swift; path = CommitEditView.swift; sourceTree = "<group>"; };
		850DA17B26AE27DC00A0529A /* FeatureFlags.swift */ = {isa = PBXFileReference; lastKnownFileType = sourcecode.swift; path = FeatureFlags.swift; sourceTree = "<group>"; };
		850DA17D26AE287E00A0529A /* AddCommandView.swift */ = {isa = PBXFileReference; lastKnownFileType = sourcecode.swift; path = AddCommandView.swift; sourceTree = "<group>"; };
		850DA18226B6EC8600A0529A /* CommitSearchView.swift */ = {isa = PBXFileReference; lastKnownFileType = sourcecode.swift; path = CommitSearchView.swift; sourceTree = "<group>"; };
		850DA18426B6EFD400A0529A /* ExecCommandCreator.swift */ = {isa = PBXFileReference; lastKnownFileType = sourcecode.swift; path = ExecCommandCreator.swift; sourceTree = "<group>"; };
		850DA18626B6F08D00A0529A /* SelectButton.swift */ = {isa = PBXFileReference; lastKnownFileType = sourcecode.swift; path = SelectButton.swift; sourceTree = "<group>"; };
		850DA18826B6F99600A0529A /* LabelCommandCreator.swift */ = {isa = PBXFileReference; lastKnownFileType = sourcecode.swift; path = LabelCommandCreator.swift; sourceTree = "<group>"; };
		850DA18A26B8434400A0529A /* EditButton.swift */ = {isa = PBXFileReference; lastKnownFileType = sourcecode.swift; path = EditButton.swift; sourceTree = "<group>"; };
		8555599326ADDDBD002991BE /* BasicRebaseCommandView.swift */ = {isa = PBXFileReference; lastKnownFileType = sourcecode.swift; path = BasicRebaseCommandView.swift; sourceTree = "<group>"; };
		855559B226ADEFBA002991BE /* SwiftGit2.xcodeproj */ = {isa = PBXFileReference; lastKnownFileType = "wrapper.pb-project"; name = SwiftGit2.xcodeproj; path = SwiftGit2/SwiftGit2.xcodeproj; sourceTree = SOURCE_ROOT; };
		85D3E14326ADB79A0020DC09 /* RebaseEdit.app */ = {isa = PBXFileReference; explicitFileType = wrapper.application; includeInIndex = 0; path = RebaseEdit.app; sourceTree = BUILT_PRODUCTS_DIR; };
		85D3E14626ADB79A0020DC09 /* RebaseEditApp.swift */ = {isa = PBXFileReference; lastKnownFileType = sourcecode.swift; path = RebaseEditApp.swift; sourceTree = "<group>"; };
		85D3E14826ADB79A0020DC09 /* RebaseEditDocument.swift */ = {isa = PBXFileReference; lastKnownFileType = sourcecode.swift; path = RebaseEditDocument.swift; sourceTree = "<group>"; };
		85D3E14A26ADB79A0020DC09 /* ContentView.swift */ = {isa = PBXFileReference; lastKnownFileType = sourcecode.swift; path = ContentView.swift; sourceTree = "<group>"; };
		85D3E14C26ADB79D0020DC09 /* Assets.xcassets */ = {isa = PBXFileReference; lastKnownFileType = folder.assetcatalog; path = Assets.xcassets; sourceTree = "<group>"; };
		85D3E14F26ADB79D0020DC09 /* Preview Assets.xcassets */ = {isa = PBXFileReference; lastKnownFileType = folder.assetcatalog; path = "Preview Assets.xcassets"; sourceTree = "<group>"; };
		85D3E15126ADB79D0020DC09 /* Info.plist */ = {isa = PBXFileReference; lastKnownFileType = text.plist.xml; path = Info.plist; sourceTree = "<group>"; };
		85D3E15726ADBA3A0020DC09 /* RebaseCommand.swift */ = {isa = PBXFileReference; lastKnownFileType = sourcecode.swift; path = RebaseCommand.swift; sourceTree = "<group>"; };
		85D3E15B26ADD27D0020DC09 /* RebaseCommandView.swift */ = {isa = PBXFileReference; lastKnownFileType = sourcecode.swift; path = RebaseCommandView.swift; sourceTree = "<group>"; };
/* End PBXFileReference section */

/* Begin PBXFrameworksBuildPhase section */
		85D3E14026ADB79A0020DC09 /* Frameworks */ = {
			isa = PBXFrameworksBuildPhase;
			buildActionMask = 2147483647;
			files = (
				855559CF26ADEFE4002991BE /* SwiftGit2.framework in Frameworks */,
				850DA18126AE35A600A0529A /* Introspect in Frameworks */,
			);
			runOnlyForDeploymentPostprocessing = 0;
		};
/* End PBXFrameworksBuildPhase section */

/* Begin PBXGroup section */
		850DA18C26B844A400A0529A /* Models */ = {
			isa = PBXGroup;
			children = (
				850DA17B26AE27DC00A0529A /* FeatureFlags.swift */,
				850DA17726AE029A00A0529A /* GitODB.swift */,
				85D3E15726ADBA3A0020DC09 /* RebaseCommand.swift */,
				85D3E14826ADB79A0020DC09 /* RebaseEditDocument.swift */,
			);
			path = Models;
			sourceTree = "<group>";
		};
		850DA18D26B844C200A0529A /* Reusable Views */ = {
			isa = PBXGroup;
			children = (
				850DA18A26B8434400A0529A /* EditButton.swift */,
				850DA18626B6F08D00A0529A /* SelectButton.swift */,
			);
			path = "Reusable Views";
			sourceTree = "<group>";
		};
		850DA18E26B844F000A0529A /* Creating */ = {
			isa = PBXGroup;
			children = (
				850DA17D26AE287E00A0529A /* AddCommandView.swift */,
				850DA18226B6EC8600A0529A /* CommitSearchView.swift */,
				850DA18426B6EFD400A0529A /* ExecCommandCreator.swift */,
				850DA18826B6F99600A0529A /* LabelCommandCreator.swift */,
			);
			path = Creating;
			sourceTree = "<group>";
		};
		850DA18F26B8452F00A0529A /* Editing */ = {
			isa = PBXGroup;
			children = (
				8555599326ADDDBD002991BE /* BasicRebaseCommandView.swift */,
				850DA17926AE181B00A0529A /* CommitEditView.swift */,
				85D3E15B26ADD27D0020DC09 /* RebaseCommandView.swift */,
			);
			path = Editing;
			sourceTree = "<group>";
		};
		850DA19126B845AC00A0529A /* Supporting Files */ = {
			isa = PBXGroup;
			children = (
				85D3E14C26ADB79D0020DC09 /* Assets.xcassets */,
				85D3E15126ADB79D0020DC09 /* Info.plist */,
				85D3E14E26ADB79D0020DC09 /* Preview Content */,
				850DA17626AE013000A0529A /* RebaseEdit.entitlements */,
			);
			path = "Supporting Files";
			sourceTree = "<group>";
		};
		850DA19226B845D300A0529A /* App */ = {
			isa = PBXGroup;
			children = (
				85D3E14A26ADB79A0020DC09 /* ContentView.swift */,
				85D3E14626ADB79A0020DC09 /* RebaseEditApp.swift */,
			);
			path = App;
			sourceTree = "<group>";
		};
		855559B126ADEFAD002991BE /* Dependencies */ = {
			isa = PBXGroup;
			children = (
				855559B226ADEFBA002991BE /* SwiftGit2.xcodeproj */,
			);
			name = Dependencies;
			sourceTree = "<group>";
		};
		855559B326ADEFBA002991BE /* Products */ = {
			isa = PBXGroup;
			children = (
				855559BF26ADEFBA002991BE /* SwiftGit2.framework */,
				855559C126ADEFBA002991BE /* SwiftGit2-OSXTests.xctest */,
				855559C326ADEFBA002991BE /* SwiftGit2.framework */,
				855559C526ADEFBA002991BE /* SwiftGit2-iOSTests.xctest */,
				855559C726ADEFBA002991BE /* libgit2.a */,
				855559C926ADEFBA002991BE /* libgit2.a */,
				855559CB26ADEFBA002991BE /* libssl.a */,
				855559CD26ADEFBA002991BE /* libssh2.a */,
			);
			name = Products;
			sourceTree = "<group>";
		};
		855559CE26ADEFE4002991BE /* Frameworks */ = {
			isa = PBXGroup;
			children = (
			);
			name = Frameworks;
			sourceTree = "<group>";
		};
		85D3E13A26ADB79A0020DC09 = {
			isa = PBXGroup;
			children = (
				85D3E14526ADB79A0020DC09 /* RebaseEdit */,
				855559B126ADEFAD002991BE /* Dependencies */,
				85D3E14426ADB79A0020DC09 /* Products */,
				855559CE26ADEFE4002991BE /* Frameworks */,
			);
			sourceTree = "<group>";
		};
		85D3E14426ADB79A0020DC09 /* Products */ = {
			isa = PBXGroup;
			children = (
				85D3E14326ADB79A0020DC09 /* RebaseEdit.app */,
			);
			name = Products;
			sourceTree = "<group>";
		};
		85D3E14526ADB79A0020DC09 /* RebaseEdit */ = {
			isa = PBXGroup;
			children = (
				850DA19226B845D300A0529A /* App */,
				850DA18E26B844F000A0529A /* Creating */,
				850DA18F26B8452F00A0529A /* Editing */,
				850DA18C26B844A400A0529A /* Models */,
				850DA18D26B844C200A0529A /* Reusable Views */,
				850DA19126B845AC00A0529A /* Supporting Files */,
			);
			path = RebaseEdit;
			sourceTree = "<group>";
		};
		85D3E14E26ADB79D0020DC09 /* Preview Content */ = {
			isa = PBXGroup;
			children = (
				85D3E14F26ADB79D0020DC09 /* Preview Assets.xcassets */,
			);
			path = "Preview Content";
			sourceTree = "<group>";
		};
/* End PBXGroup section */

/* Begin PBXNativeTarget section */
		85D3E14226ADB79A0020DC09 /* RebaseEdit */ = {
			isa = PBXNativeTarget;
			buildConfigurationList = 85D3E15426ADB79D0020DC09 /* Build configuration list for PBXNativeTarget "RebaseEdit" */;
			buildPhases = (
				85D3E13F26ADB79A0020DC09 /* Sources */,
				85D3E14026ADB79A0020DC09 /* Frameworks */,
				850DA16E26ADF01000A0529A /* Copy Frameworks */,
				85D3E14126ADB79A0020DC09 /* Resources */,
			);
			buildRules = (
			);
			dependencies = (
			);
			name = RebaseEdit;
			packageProductDependencies = (
				850DA18026AE35A600A0529A /* Introspect */,
			);
			productName = RebaseEdit;
			productReference = 85D3E14326ADB79A0020DC09 /* RebaseEdit.app */;
			productType = "com.apple.product-type.application";
		};
/* End PBXNativeTarget section */

/* Begin PBXProject section */
		85D3E13B26ADB79A0020DC09 /* Project object */ = {
			isa = PBXProject;
			attributes = {
				BuildIndependentTargetsInParallel = 1;
				LastSwiftUpdateCheck = 1300;
				LastUpgradeCheck = 1300;
				TargetAttributes = {
					85D3E14226ADB79A0020DC09 = {
						CreatedOnToolsVersion = 13.0;
					};
				};
			};
			buildConfigurationList = 85D3E13E26ADB79A0020DC09 /* Build configuration list for PBXProject "RebaseEdit" */;
			compatibilityVersion = "Xcode 13.0";
			developmentRegion = en;
			hasScannedForEncodings = 0;
			knownRegions = (
				en,
				Base,
			);
			mainGroup = 85D3E13A26ADB79A0020DC09;
			packageReferences = (
				850DA17F26AE35A600A0529A /* XCRemoteSwiftPackageReference "SwiftUI-Introspect" */,
			);
			productRefGroup = 85D3E14426ADB79A0020DC09 /* Products */;
			projectDirPath = "";
			projectReferences = (
				{
					ProductGroup = 855559B326ADEFBA002991BE /* Products */;
					ProjectRef = 855559B226ADEFBA002991BE /* SwiftGit2.xcodeproj */;
				},
			);
			projectRoot = "";
			targets = (
				85D3E14226ADB79A0020DC09 /* RebaseEdit */,
			);
		};
/* End PBXProject section */

/* Begin PBXReferenceProxy section */
		855559BF26ADEFBA002991BE /* SwiftGit2.framework */ = {
			isa = PBXReferenceProxy;
			fileType = wrapper.framework;
			path = SwiftGit2.framework;
			remoteRef = 855559BE26ADEFBA002991BE /* PBXContainerItemProxy */;
			sourceTree = BUILT_PRODUCTS_DIR;
		};
		855559C126ADEFBA002991BE /* SwiftGit2-OSXTests.xctest */ = {
			isa = PBXReferenceProxy;
			fileType = wrapper.cfbundle;
			path = "SwiftGit2-OSXTests.xctest";
			remoteRef = 855559C026ADEFBA002991BE /* PBXContainerItemProxy */;
			sourceTree = BUILT_PRODUCTS_DIR;
		};
		855559C326ADEFBA002991BE /* SwiftGit2.framework */ = {
			isa = PBXReferenceProxy;
			fileType = wrapper.framework;
			path = SwiftGit2.framework;
			remoteRef = 855559C226ADEFBA002991BE /* PBXContainerItemProxy */;
			sourceTree = BUILT_PRODUCTS_DIR;
		};
		855559C526ADEFBA002991BE /* SwiftGit2-iOSTests.xctest */ = {
			isa = PBXReferenceProxy;
			fileType = wrapper.cfbundle;
			path = "SwiftGit2-iOSTests.xctest";
			remoteRef = 855559C426ADEFBA002991BE /* PBXContainerItemProxy */;
			sourceTree = BUILT_PRODUCTS_DIR;
		};
		855559C726ADEFBA002991BE /* libgit2.a */ = {
			isa = PBXReferenceProxy;
			fileType = archive.ar;
			path = libgit2.a;
			remoteRef = 855559C626ADEFBA002991BE /* PBXContainerItemProxy */;
			sourceTree = BUILT_PRODUCTS_DIR;
		};
		855559C926ADEFBA002991BE /* libgit2.a */ = {
			isa = PBXReferenceProxy;
			fileType = archive.ar;
			path = libgit2.a;
			remoteRef = 855559C826ADEFBA002991BE /* PBXContainerItemProxy */;
			sourceTree = BUILT_PRODUCTS_DIR;
		};
		855559CB26ADEFBA002991BE /* libssl.a */ = {
			isa = PBXReferenceProxy;
			fileType = archive.ar;
			path = libssl.a;
			remoteRef = 855559CA26ADEFBA002991BE /* PBXContainerItemProxy */;
			sourceTree = BUILT_PRODUCTS_DIR;
		};
		855559CD26ADEFBA002991BE /* libssh2.a */ = {
			isa = PBXReferenceProxy;
			fileType = archive.ar;
			path = libssh2.a;
			remoteRef = 855559CC26ADEFBA002991BE /* PBXContainerItemProxy */;
			sourceTree = BUILT_PRODUCTS_DIR;
		};
/* End PBXReferenceProxy section */

/* Begin PBXResourcesBuildPhase section */
		85D3E14126ADB79A0020DC09 /* Resources */ = {
			isa = PBXResourcesBuildPhase;
			buildActionMask = 2147483647;
			files = (
				85D3E15026ADB79D0020DC09 /* Preview Assets.xcassets in Resources */,
				85D3E14D26ADB79D0020DC09 /* Assets.xcassets in Resources */,
			);
			runOnlyForDeploymentPostprocessing = 0;
		};
/* End PBXResourcesBuildPhase section */

/* Begin PBXSourcesBuildPhase section */
		85D3E13F26ADB79A0020DC09 /* Sources */ = {
			isa = PBXSourcesBuildPhase;
			buildActionMask = 2147483647;
			files = (
				850DA17826AE029A00A0529A /* GitODB.swift in Sources */,
				850DA17A26AE181B00A0529A /* CommitEditView.swift in Sources */,
				850DA18526B6EFD400A0529A /* ExecCommandCreator.swift in Sources */,
				85D3E14926ADB79A0020DC09 /* RebaseEditDocument.swift in Sources */,
				850DA17C26AE27DC00A0529A /* FeatureFlags.swift in Sources */,
				850DA18326B6EC8600A0529A /* CommitSearchView.swift in Sources */,
				85D3E15C26ADD27D0020DC09 /* RebaseCommandView.swift in Sources */,
				85D3E14726ADB79A0020DC09 /* RebaseEditApp.swift in Sources */,
				85D3E14B26ADB79A0020DC09 /* ContentView.swift in Sources */,
				850DA18926B6F99600A0529A /* LabelCommandCreator.swift in Sources */,
				850DA18B26B8434400A0529A /* EditButton.swift in Sources */,
				850DA18726B6F08D00A0529A /* SelectButton.swift in Sources */,
				85D3E15826ADBA3A0020DC09 /* RebaseCommand.swift in Sources */,
				8555599426ADDDBD002991BE /* BasicRebaseCommandView.swift in Sources */,
				850DA17E26AE287E00A0529A /* AddCommandView.swift in Sources */,
			);
			runOnlyForDeploymentPostprocessing = 0;
		};
/* End PBXSourcesBuildPhase section */

/* Begin XCBuildConfiguration section */
		85D3E15226ADB79D0020DC09 /* Debug */ = {
			isa = XCBuildConfiguration;
			buildSettings = {
				ALWAYS_SEARCH_USER_PATHS = NO;
				CLANG_ANALYZER_NONNULL = YES;
				CLANG_ANALYZER_NUMBER_OBJECT_CONVERSION = YES_AGGRESSIVE;
				CLANG_CXX_LANGUAGE_STANDARD = "gnu++14";
				CLANG_CXX_LIBRARY = "libc++";
				CLANG_ENABLE_MODULES = YES;
				CLANG_ENABLE_OBJC_ARC = YES;
				CLANG_ENABLE_OBJC_WEAK = YES;
				CLANG_WARN_BLOCK_CAPTURE_AUTORELEASING = YES;
				CLANG_WARN_BOOL_CONVERSION = YES;
				CLANG_WARN_COMMA = YES;
				CLANG_WARN_CONSTANT_CONVERSION = YES;
				CLANG_WARN_DEPRECATED_OBJC_IMPLEMENTATIONS = YES;
				CLANG_WARN_DIRECT_OBJC_ISA_USAGE = YES_ERROR;
				CLANG_WARN_DOCUMENTATION_COMMENTS = YES;
				CLANG_WARN_EMPTY_BODY = YES;
				CLANG_WARN_ENUM_CONVERSION = YES;
				CLANG_WARN_INFINITE_RECURSION = YES;
				CLANG_WARN_INT_CONVERSION = YES;
				CLANG_WARN_NON_LITERAL_NULL_CONVERSION = YES;
				CLANG_WARN_OBJC_IMPLICIT_RETAIN_SELF = YES;
				CLANG_WARN_OBJC_LITERAL_CONVERSION = YES;
				CLANG_WARN_OBJC_ROOT_CLASS = YES_ERROR;
				CLANG_WARN_QUOTED_INCLUDE_IN_FRAMEWORK_HEADER = YES;
				CLANG_WARN_RANGE_LOOP_ANALYSIS = YES;
				CLANG_WARN_STRICT_PROTOTYPES = YES;
				CLANG_WARN_SUSPICIOUS_MOVE = YES;
				CLANG_WARN_UNGUARDED_AVAILABILITY = YES_AGGRESSIVE;
				CLANG_WARN_UNREACHABLE_CODE = YES;
				CLANG_WARN__DUPLICATE_METHOD_MATCH = YES;
				COPY_PHASE_STRIP = NO;
				DEBUG_INFORMATION_FORMAT = dwarf;
				ENABLE_STRICT_OBJC_MSGSEND = YES;
				ENABLE_TESTABILITY = YES;
				GCC_C_LANGUAGE_STANDARD = gnu11;
				GCC_DYNAMIC_NO_PIC = NO;
				GCC_NO_COMMON_BLOCKS = YES;
				GCC_OPTIMIZATION_LEVEL = 0;
				GCC_PREPROCESSOR_DEFINITIONS = (
					"DEBUG=1",
					"$(inherited)",
				);
				GCC_WARN_64_TO_32_BIT_CONVERSION = YES;
				GCC_WARN_ABOUT_RETURN_TYPE = YES_ERROR;
				GCC_WARN_UNDECLARED_SELECTOR = YES;
				GCC_WARN_UNINITIALIZED_AUTOS = YES_AGGRESSIVE;
				GCC_WARN_UNUSED_FUNCTION = YES;
				GCC_WARN_UNUSED_VARIABLE = YES;
				MACOSX_DEPLOYMENT_TARGET = 11.4;
				MTL_ENABLE_DEBUG_INFO = INCLUDE_SOURCE;
				MTL_FAST_MATH = YES;
				ONLY_ACTIVE_ARCH = YES;
				SDKROOT = macosx;
				SWIFT_ACTIVE_COMPILATION_CONDITIONS = DEBUG;
				SWIFT_OPTIMIZATION_LEVEL = "-Onone";
			};
			name = Debug;
		};
		85D3E15326ADB79D0020DC09 /* Release */ = {
			isa = XCBuildConfiguration;
			buildSettings = {
				ALWAYS_SEARCH_USER_PATHS = NO;
				CLANG_ANALYZER_NONNULL = YES;
				CLANG_ANALYZER_NUMBER_OBJECT_CONVERSION = YES_AGGRESSIVE;
				CLANG_CXX_LANGUAGE_STANDARD = "gnu++14";
				CLANG_CXX_LIBRARY = "libc++";
				CLANG_ENABLE_MODULES = YES;
				CLANG_ENABLE_OBJC_ARC = YES;
				CLANG_ENABLE_OBJC_WEAK = YES;
				CLANG_WARN_BLOCK_CAPTURE_AUTORELEASING = YES;
				CLANG_WARN_BOOL_CONVERSION = YES;
				CLANG_WARN_COMMA = YES;
				CLANG_WARN_CONSTANT_CONVERSION = YES;
				CLANG_WARN_DEPRECATED_OBJC_IMPLEMENTATIONS = YES;
				CLANG_WARN_DIRECT_OBJC_ISA_USAGE = YES_ERROR;
				CLANG_WARN_DOCUMENTATION_COMMENTS = YES;
				CLANG_WARN_EMPTY_BODY = YES;
				CLANG_WARN_ENUM_CONVERSION = YES;
				CLANG_WARN_INFINITE_RECURSION = YES;
				CLANG_WARN_INT_CONVERSION = YES;
				CLANG_WARN_NON_LITERAL_NULL_CONVERSION = YES;
				CLANG_WARN_OBJC_IMPLICIT_RETAIN_SELF = YES;
				CLANG_WARN_OBJC_LITERAL_CONVERSION = YES;
				CLANG_WARN_OBJC_ROOT_CLASS = YES_ERROR;
				CLANG_WARN_QUOTED_INCLUDE_IN_FRAMEWORK_HEADER = YES;
				CLANG_WARN_RANGE_LOOP_ANALYSIS = YES;
				CLANG_WARN_STRICT_PROTOTYPES = YES;
				CLANG_WARN_SUSPICIOUS_MOVE = YES;
				CLANG_WARN_UNGUARDED_AVAILABILITY = YES_AGGRESSIVE;
				CLANG_WARN_UNREACHABLE_CODE = YES;
				CLANG_WARN__DUPLICATE_METHOD_MATCH = YES;
				COPY_PHASE_STRIP = NO;
				DEBUG_INFORMATION_FORMAT = "dwarf-with-dsym";
				ENABLE_NS_ASSERTIONS = NO;
				ENABLE_STRICT_OBJC_MSGSEND = YES;
				GCC_C_LANGUAGE_STANDARD = gnu11;
				GCC_NO_COMMON_BLOCKS = YES;
				GCC_WARN_64_TO_32_BIT_CONVERSION = YES;
				GCC_WARN_ABOUT_RETURN_TYPE = YES_ERROR;
				GCC_WARN_UNDECLARED_SELECTOR = YES;
				GCC_WARN_UNINITIALIZED_AUTOS = YES_AGGRESSIVE;
				GCC_WARN_UNUSED_FUNCTION = YES;
				GCC_WARN_UNUSED_VARIABLE = YES;
				MACOSX_DEPLOYMENT_TARGET = 11.4;
				MTL_ENABLE_DEBUG_INFO = NO;
				MTL_FAST_MATH = YES;
				SDKROOT = macosx;
				SWIFT_COMPILATION_MODE = wholemodule;
				SWIFT_OPTIMIZATION_LEVEL = "-O";
			};
			name = Release;
		};
		85D3E15526ADB79D0020DC09 /* Debug */ = {
			isa = XCBuildConfiguration;
			buildSettings = {
				ASSETCATALOG_COMPILER_APPICON_NAME = AppIcon;
				ASSETCATALOG_COMPILER_GLOBAL_ACCENT_COLOR_NAME = AccentColor;
				CODE_SIGN_ENTITLEMENTS = "RebaseEdit/Supporting Files/RebaseEdit.entitlements";
				CODE_SIGN_STYLE = Automatic;
				COMBINE_HIDPI_IMAGES = YES;
				CURRENT_PROJECT_VERSION = 1;
				DEVELOPMENT_ASSET_PATHS = "RebaseEdit/Supporting\\ Files/Preview\\ Content";
				DEVELOPMENT_TEAM = 288H3WAR3W;
				ENABLE_HARDENED_RUNTIME = YES;
				ENABLE_PREVIEWS = YES;
				ENABLE_USER_SELECTED_FILES = readwrite;
				INFOPLIST_FILE = "RebaseEdit/Supporting Files/Info.plist";
				INFOPLIST_KEY_CFBundleExecutable = RebaseEdit;
				INFOPLIST_KEY_CFBundleName = RebaseEdit;
				INFOPLIST_KEY_CFBundleVersion = 1;
				INFOPLIST_KEY_NSHumanReadableCopyright = "";
				LD_RUNPATH_SEARCH_PATHS = (
					"$(inherited)",
					"@executable_path/../Frameworks",
				);
				MACOSX_DEPLOYMENT_TARGET = 11.0;
				MARKETING_VERSION = 1.0;
				PRODUCT_BUNDLE_IDENTIFIER = com.jedfox.RebaseEdit;
				PRODUCT_NAME = "$(TARGET_NAME)";
				SWIFT_EMIT_LOC_STRINGS = YES;
				SWIFT_VERSION = 5.0;
			};
			name = Debug;
		};
		85D3E15626ADB79D0020DC09 /* Release */ = {
			isa = XCBuildConfiguration;
			buildSettings = {
				ASSETCATALOG_COMPILER_APPICON_NAME = AppIcon;
				ASSETCATALOG_COMPILER_GLOBAL_ACCENT_COLOR_NAME = AccentColor;
				CODE_SIGN_ENTITLEMENTS = "RebaseEdit/Supporting Files/RebaseEdit.entitlements";
				CODE_SIGN_STYLE = Automatic;
				COMBINE_HIDPI_IMAGES = YES;
				CURRENT_PROJECT_VERSION = 1;
				DEVELOPMENT_ASSET_PATHS = "RebaseEdit/Supporting\\ Files/Preview\\ Content";
				DEVELOPMENT_TEAM = 288H3WAR3W;
				ENABLE_HARDENED_RUNTIME = YES;
				ENABLE_PREVIEWS = YES;
				ENABLE_USER_SELECTED_FILES = readwrite;
				INFOPLIST_FILE = "RebaseEdit/Supporting Files/Info.plist";
				INFOPLIST_KEY_CFBundleExecutable = RebaseEdit;
				INFOPLIST_KEY_CFBundleName = RebaseEdit;
				INFOPLIST_KEY_CFBundleVersion = 1;
				INFOPLIST_KEY_NSHumanReadableCopyright = "";
				LD_RUNPATH_SEARCH_PATHS = (
					"$(inherited)",
					"@executable_path/../Frameworks",
				);
				MACOSX_DEPLOYMENT_TARGET = 11.0;
				MARKETING_VERSION = 1.0;
				PRODUCT_BUNDLE_IDENTIFIER = com.jedfox.RebaseEdit;
				PRODUCT_NAME = "$(TARGET_NAME)";
				SWIFT_EMIT_LOC_STRINGS = YES;
				SWIFT_VERSION = 5.0;
			};
			name = Release;
		};
/* End XCBuildConfiguration section */

/* Begin XCConfigurationList section */
		85D3E13E26ADB79A0020DC09 /* Build configuration list for PBXProject "RebaseEdit" */ = {
			isa = XCConfigurationList;
			buildConfigurations = (
				85D3E15226ADB79D0020DC09 /* Debug */,
				85D3E15326ADB79D0020DC09 /* Release */,
			);
			defaultConfigurationIsVisible = 0;
			defaultConfigurationName = Release;
		};
		85D3E15426ADB79D0020DC09 /* Build configuration list for PBXNativeTarget "RebaseEdit" */ = {
			isa = XCConfigurationList;
			buildConfigurations = (
				85D3E15526ADB79D0020DC09 /* Debug */,
				85D3E15626ADB79D0020DC09 /* Release */,
			);
			defaultConfigurationIsVisible = 0;
			defaultConfigurationName = Release;
		};
/* End XCConfigurationList section */

/* Begin XCRemoteSwiftPackageReference section */
		850DA17F26AE35A600A0529A /* XCRemoteSwiftPackageReference "SwiftUI-Introspect" */ = {
			isa = XCRemoteSwiftPackageReference;
			repositoryURL = "https://github.com/siteline/SwiftUI-Introspect";
			requirement = {
				kind = upToNextMinorVersion;
				minimumVersion = 0.1.3;
			};
		};
/* End XCRemoteSwiftPackageReference section */

/* Begin XCSwiftPackageProductDependency section */
		850DA18026AE35A600A0529A /* Introspect */ = {
			isa = XCSwiftPackageProductDependency;
			package = 850DA17F26AE35A600A0529A /* XCRemoteSwiftPackageReference "SwiftUI-Introspect" */;
			productName = Introspect;
		};
/* End XCSwiftPackageProductDependency section */
	};
	rootObject = 85D3E13B26ADB79A0020DC09 /* Project object */;
}
