{
  "object": {
    "pins": [
      {
        "package": "Clibgit2",
        "repositoryURL": "https://github.com/light-tech/Clibgit2.git",
        "state": {
          "branch": "master",
          "revision": "880873a8e641717810c97e8cc478056d4e1f1022",
          "version": null
        }
      },
      {
        "package": "SwiftGit2",
        "repositoryURL": "https://github.com/light-tech/SwiftGit2",
        "state": {
          "branch": "spm",
          "revision": "03e7f41edf53658958c74db106749923ca9dcda0",
          "version": null
        }
      }
    ]
  },
  "version": 1
}
